
Microsoft Visual Studio Solution File, Format Version 12.00
# Visual Studio Version 16
VisualStudioVersion = 16.0.28922.388
MinimumVisualStudioVersion = 10.0.40219.1
Project("{FAE04EC0-301F-11D3-BF4B-00C04F79EFBC}") = "XStreaming.Android", "XStreaming.Android\XStreaming.Android.csproj", "{C419F9CC-D43B-40AF-82A3-4B4C4691CB2A}"
EndProject
Project("{FAE04EC0-301F-11D3-BF4B-00C04F79EFBC}") = "XStreaming.iOS", "XStreaming.iOS\XStreaming.iOS.csproj", "{8D1CDA99-B9D2-4104-835C-6E6A4164FFA2}"
EndProject
Project("{FAE04EC0-301F-11D3-BF4B-00C04F79EFBC}") = "XStreaming", "XStreaming\XStreaming.csproj", "{D5BE8958-2422-427E-925D-5936C39A14F5}"
EndProject
Global
	GlobalSection(SolutionConfigurationPlatforms) = preSolution
		Debug|Any CPU = Debug|Any CPU
		Debug|iPhone = Debug|iPhone
		Debug|iPhoneSimulator = Debug|iPhoneSimulator
		Release|Any CPU = Release|Any CPU
		Release|iPhone = Release|iPhone
		Release|iPhoneSimulator = Release|iPhoneSimulator
	EndGlobalSection
	GlobalSection(ProjectConfigurationPlatforms) = postSolution
		{C419F9CC-D43B-40AF-82A3-4B4C4691CB2A}.Debug|Any CPU.ActiveCfg = Debug|Any CPU
		{C419F9CC-D43B-40AF-82A3-4B4C4691CB2A}.Debug|Any CPU.Build.0 = Debug|Any CPU
		{C419F9CC-D43B-40AF-82A3-4B4C4691CB2A}.Debug|Any CPU.Deploy.0 = Debug|Any CPU
		{C419F9CC-D43B-40AF-82A3-4B4C4691CB2A}.Debug|iPhone.ActiveCfg = Debug|Any CPU
		{C419F9CC-D43B-40AF-82A3-4B4C4691CB2A}.Debug|iPhone.Build.0 = Debug|Any CPU
		{C419F9CC-D43B-40AF-82A3-4B4C4691CB2A}.Debug|iPhone.Deploy.0 = Debug|Any CPU
		{C419F9CC-D43B-40AF-82A3-4B4C4691CB2A}.Debug|iPhoneSimulator.ActiveCfg = Debug|Any CPU
		{C419F9CC-D43B-40AF-82A3-4B4C4691CB2A}.Debug|iPhoneSimulator.Build.0 = Debug|Any CPU
		{C419F9CC-D43B-40AF-82A3-4B4C4691CB2A}.Debug|iPhoneSimulator.Deploy.0 = Debug|Any CPU
		{C419F9CC-D43B-40AF-82A3-4B4C4691CB2A}.Release|Any CPU.ActiveCfg = Release|Any CPU
		{C419F9CC-D43B-40AF-82A3-4B4C4691CB2A}.Release|Any CPU.Build.0 = Release|Any CPU
		{C419F9CC-D43B-40AF-82A3-4B4C4691CB2A}.Release|Any CPU.Deploy.0 = Release|Any CPU
		{C419F9CC-D43B-40AF-82A3-4B4C4691CB2A}.Release|iPhone.ActiveCfg = Release|Any CPU
		{C419F9CC-D43B-40AF-82A3-4B4C4691CB2A}.Release|iPhone.Build.0 = Release|Any CPU
		{C419F9CC-D43B-40AF-82A3-4B4C4691CB2A}.Release|iPhone.Deploy.0 = Release|Any CPU
		{C419F9CC-D43B-40AF-82A3-4B4C4691CB2A}.Release|iPhoneSimulator.ActiveCfg = Release|Any CPU
		{C419F9CC-D43B-40AF-82A3-4B4C4691CB2A}.Release|iPhoneSimulator.Build.0 = Release|Any CPU
		{C419F9CC-D43B-40AF-82A3-4B4C4691CB2A}.Release|iPhoneSimulator.Deploy.0 = Release|Any CPU
		{8D1CDA99-B9D2-4104-835C-6E6A4164FFA2}.Debug|Any CPU.ActiveCfg = Debug|iPhoneSimulator
		{8D1CDA99-B9D2-4104-835C-6E6A4164FFA2}.Debug|Any CPU.Build.0 = Debug|iPhoneSimulator
		{8D1CDA99-B9D2-4104-835C-6E6A4164FFA2}.Debug|Any CPU.Deploy.0 = Debug|iPhoneSimulator
		{8D1CDA99-B9D2-4104-835C-6E6A4164FFA2}.Debug|iPhone.ActiveCfg = Debug|iPhone
		{8D1CDA99-B9D2-4104-835C-6E6A4164FFA2}.Debug|iPhone.Build.0 = Debug|iPhone
		{8D1CDA99-B9D2-4104-835C-6E6A4164FFA2}.Debug|iPhone.Deploy.0 = Debug|iPhone
		{8D1CDA99-B9D2-4104-835C-6E6A4164FFA2}.Debug|iPhoneSimulator.ActiveCfg = Debug|iPhoneSimulator
		{8D1CDA99-B9D2-4104-835C-6E6A4164FFA2}.Debug|iPhoneSimulator.Build.0 = Debug|iPhoneSimulator
		{8D1CDA99-B9D2-4104-835C-6E6A4164FFA2}.Debug|iPhoneSimulator.Deploy.0 = Debug|iPhoneSimulator
		{8D1CDA99-B9D2-4104-835C-6E6A4164FFA2}.Release|Any CPU.ActiveCfg = Release|iPhone
		{8D1CDA99-B9D2-4104-835C-6E6A4164FFA2}.Release|Any CPU.Build.0 = Release|iPhone
		{8D1CDA99-B9D2-4104-835C-6E6A4164FFA2}.Release|Any CPU.Deploy.0 = Release|iPhone
		{8D1CDA99-B9D2-4104-835C-6E6A4164FFA2}.Release|iPhone.ActiveCfg = Release|iPhone
		{8D1CDA99-B9D2-4104-835C-6E6A4164FFA2}.Release|iPhone.Build.0 = Release|iPhone
		{8D1CDA99-B9D2-4104-835C-6E6A4164FFA2}.Release|iPhone.Deploy.0 = Release|iPhone
		{8D1CDA99-B9D2-4104-835C-6E6A4164FFA2}.Release|iPhoneSimulator.ActiveCfg = Release|iPhoneSimulator
		{8D1CDA99-B9D2-4104-835C-6E6A4164FFA2}.Release|iPhoneSimulator.Build.0 = Release|iPhoneSimulator
		{8D1CDA99-B9D2-4104-835C-6E6A4164FFA2}.Release|iPhoneSimulator.Deploy.0 = Release|iPhoneSimulator
		{D5BE8958-2422-427E-925D-5936C39A14F5}.Debug|Any CPU.ActiveCfg = Debug|Any CPU
		{D5BE8958-2422-427E-925D-5936C39A14F5}.Debug|Any CPU.Build.0 = Debug|Any CPU
		{D5BE8958-2422-427E-925D-5936C39A14F5}.Debug|Any CPU.Deploy.0 = Debug|Any CPU
		{D5BE8958-2422-427E-925D-5936C39A14F5}.Debug|iPhone.ActiveCfg = Debug|Any CPU
		{D5BE8958-2422-427E-925D-5936C39A14F5}.Debug|iPhone.Build.0 = Debug|Any CPU
		{D5BE8958-2422-427E-925D-5936C39A14F5}.Debug|iPhone.Deploy.0 = Debug|Any CPU
		{D5BE8958-2422-427E-925D-5936C39A14F5}.Debug|iPhoneSimulator.ActiveCfg = Debug|Any CPU
		{D5BE8958-2422-427E-925D-5936C39A14F5}.Debug|iPhoneSimulator.Build.0 = Debug|Any CPU
		{D5BE8958-2422-427E-925D-5936C39A14F5}.Debug|iPhoneSimulator.Deploy.0 = Debug|Any CPU
		{D5BE8958-2422-427E-925D-5936C39A14F5}.Release|Any CPU.ActiveCfg = Release|Any CPU
		{D5BE8958-2422-427E-925D-5936C39A14F5}.Release|Any CPU.Build.0 = Release|Any CPU
		{D5BE8958-2422-427E-925D-5936C39A14F5}.Release|Any CPU.Deploy.0 = Release|Any CPU
		{D5BE8958-2422-427E-925D-5936C39A14F5}.Release|iPhone.ActiveCfg = Release|Any CPU
		{D5BE8958-2422-427E-925D-5936C39A14F5}.Release|iPhone.Build.0 = Release|Any CPU
		{D5BE8958-2422-427E-925D-5936C39A14F5}.Release|iPhone.Deploy.0 = Release|Any CPU
		{D5BE8958-2422-427E-925D-5936C39A14F5}.Release|iPhoneSimulator.ActiveCfg = Release|Any CPU
		{D5BE8958-2422-427E-925D-5936C39A14F5}.Release|iPhoneSimulator.Build.0 = Release|Any CPU
		{D5BE8958-2422-427E-925D-5936C39A14F5}.Release|iPhoneSimulator.Deploy.0 = Release|Any CPU
	EndGlobalSection
	GlobalSection(SolutionProperties) = preSolution
		HideSolutionNode = FALSE
	EndGlobalSection
	GlobalSection(ExtensibilityGlobals) = postSolution
		SolutionGuid = {34204430-32EE-40AB-BA2A-7B2756B1EF64}
	EndGlobalSection
EndGlobal
